
Microsoft Visual Studio Solution File, Format Version 12.00
# Visual Studio Version 17
VisualStudioVersion = 17.0.31919.166
MinimumVisualStudioVersion = 10.0.40219.1
Project("{8BC9CEB8-8B4A-11D0-8D11-00A0C91BC942}") = "Day01", "Day01\Day01.vcxproj", "{E3F27529-03C7-42CF-8A83-142E942E6283}"
EndProject
Project("{8BC9CEB8-8B4A-11D0-8D11-00A0C91BC942}") = "Day02", "Day02\Day02.vcxproj", "{72A50F41-75D3-423F-AC9D-00E9CE9F7484}"
EndProject
Project("{8BC9CEB8-8B4A-11D0-8D11-00A0C91BC942}") = "Day03", "Day03\Day03.vcxproj", "{CA6F5682-2D32-4F43-8C1B-46D4E177DD24}"
EndProject
Project("{8BC9CEB8-8B4A-11D0-8D11-00A0C91BC942}") = "Day04", "Day04\Day04.vcxproj", "{07EFA99F-A267-4C0D-9099-72CC41409638}"
EndProject
Project("{8BC9CEB8-8B4A-11D0-8D11-00A0C91BC942}") = "Day05", "Day05\Day05.vcxproj", "{9F6A1DCD-24D4-42BC-822C-63B52122C359}"
EndProject
Project("{8BC9CEB8-8B4A-11D0-8D11-00A0C91BC942}") = "Day06", "Day06\Day06.vcxproj", "{89CD9D01-68CA-41CF-9A14-764A677CFD4F}"
EndProject
Project("{8BC9CEB8-8B4A-11D0-8D11-00A0C91BC942}") = "Day07", "Day07\Day07.vcxproj", "{1FA9BB6E-4724-42D4-90B3-D7DB6B448BBE}"
EndProject
Project("{8BC9CEB8-8B4A-11D0-8D11-00A0C91BC942}") = "Day08", "Day08\Day08.vcxproj", "{4B101FD1-C4B3-4CDC-BDA0-30D0D5283386}"
EndProject
Project("{8BC9CEB8-8B4A-11D0-8D11-00A0C91BC942}") = "Day09", "Day09\Day09.vcxproj", "{6C22431B-2948-4E11-92A8-9D6A46FCA9A1}"
EndProject
Project("{8BC9CEB8-8B4A-11D0-8D11-00A0C91BC942}") = "Day10", "Day10\Day10.vcxproj", "{1E11F8A3-1A26-4750-BF7B-82AFC3D6688D}"
EndProject
Project("{8BC9CEB8-8B4A-11D0-8D11-00A0C91BC942}") = "Day11", "Day11\Day11.vcxproj", "{65C3B451-EBA4-4FC8-9365-78C302669B80}"
EndProject
Project("{8BC9CEB8-8B4A-11D0-8D11-00A0C91BC942}") = "Day12", "Day12\Day12.vcxproj", "{7A97A4DA-5827-47AC-9790-B5016CF1197F}"
EndProject
Project("{8BC9CEB8-8B4A-11D0-8D11-00A0C91BC942}") = "Day13", "Day13\Day13.vcxproj", "{E37ACBC4-F2EC-4E1D-BCC0-3C4880494784}"
EndProject
Project("{8BC9CEB8-8B4A-11D0-8D11-00A0C91BC942}") = "Day14", "Day14\Day14.vcxproj", "{C17641D5-CECC-4E28-8184-4E30807B2513}"
EndProject
Project("{8BC9CEB8-8B4A-11D0-8D11-00A0C91BC942}") = "Day15", "Day15\Day15.vcxproj", "{5A28059C-F963-4A1D-B133-C9BEAF9A7DA8}"
EndProject
Project("{8BC9CEB8-8B4A-11D0-8D11-00A0C91BC942}") = "Day16", "Day16\Day16.vcxproj", "{71762098-2F43-4A60-BA05-88D5FAB77682}"
EndProject
Project("{8BC9CEB8-8B4A-11D0-8D11-00A0C91BC942}") = "Day17", "Day17\Day17.vcxproj", "{8DE99C49-870F-491B-98A8-9E80EEF985CC}"
EndProject
Project("{8BC9CEB8-8B4A-11D0-8D11-00A0C91BC942}") = "Day18", "Day18\Day18.vcxproj", "{53BADDA5-148F-41AD-AF1D-55F9033F149C}"
EndProject
Project("{8BC9CEB8-8B4A-11D0-8D11-00A0C91BC942}") = "Day19", "Day19\Day19.vcxproj", "{8F246312-B9AC-43DB-9E7F-58D58FF8A91D}"
EndProject
Global
	GlobalSection(SolutionConfigurationPlatforms) = preSolution
		Debug|x64 = Debug|x64
		Release|x64 = Release|x64
	EndGlobalSection
	GlobalSection(ProjectConfigurationPlatforms) = postSolution
		{E3F27529-03C7-42CF-8A83-142E942E6283}.Debug|x64.ActiveCfg = Debug|x64
		{E3F27529-03C7-42CF-8A83-142E942E6283}.Debug|x64.Build.0 = Debug|x64
		{E3F27529-03C7-42CF-8A83-142E942E6283}.Release|x64.ActiveCfg = Release|x64
		{E3F27529-03C7-42CF-8A83-142E942E6283}.Release|x64.Build.0 = Release|x64
		{72A50F41-75D3-423F-AC9D-00E9CE9F7484}.Debug|x64.ActiveCfg = Debug|x64
		{72A50F41-75D3-423F-AC9D-00E9CE9F7484}.Debug|x64.Build.0 = Debug|x64
		{72A50F41-75D3-423F-AC9D-00E9CE9F7484}.Release|x64.ActiveCfg = Release|x64
		{72A50F41-75D3-423F-AC9D-00E9CE9F7484}.Release|x64.Build.0 = Release|x64
		{CA6F5682-2D32-4F43-8C1B-46D4E177DD24}.Debug|x64.ActiveCfg = Debug|x64
		{CA6F5682-2D32-4F43-8C1B-46D4E177DD24}.Debug|x64.Build.0 = Debug|x64
		{CA6F5682-2D32-4F43-8C1B-46D4E177DD24}.Release|x64.ActiveCfg = Release|x64
		{CA6F5682-2D32-4F43-8C1B-46D4E177DD24}.Release|x64.Build.0 = Release|x64
		{07EFA99F-A267-4C0D-9099-72CC41409638}.Debug|x64.ActiveCfg = Debug|x64
		{07EFA99F-A267-4C0D-9099-72CC41409638}.Debug|x64.Build.0 = Debug|x64
		{07EFA99F-A267-4C0D-9099-72CC41409638}.Release|x64.ActiveCfg = Release|x64
		{07EFA99F-A267-4C0D-9099-72CC41409638}.Release|x64.Build.0 = Release|x64
		{9F6A1DCD-24D4-42BC-822C-63B52122C359}.Debug|x64.ActiveCfg = Debug|x64
		{9F6A1DCD-24D4-42BC-822C-63B52122C359}.Debug|x64.Build.0 = Debug|x64
		{9F6A1DCD-24D4-42BC-822C-63B52122C359}.Release|x64.ActiveCfg = Release|x64
		{9F6A1DCD-24D4-42BC-822C-63B52122C359}.Release|x64.Build.0 = Release|x64
		{89CD9D01-68CA-41CF-9A14-764A677CFD4F}.Debug|x64.ActiveCfg = Debug|x64
		{89CD9D01-68CA-41CF-9A14-764A677CFD4F}.Debug|x64.Build.0 = Debug|x64
		{89CD9D01-68CA-41CF-9A14-764A677CFD4F}.Release|x64.ActiveCfg = Release|x64
		{89CD9D01-68CA-41CF-9A14-764A677CFD4F}.Release|x64.Build.0 = Release|x64
		{1FA9BB6E-4724-42D4-90B3-D7DB6B448BBE}.Debug|x64.ActiveCfg = Debug|x64
		{1FA9BB6E-4724-42D4-90B3-D7DB6B448BBE}.Debug|x64.Build.0 = Debug|x64
		{1FA9BB6E-4724-42D4-90B3-D7DB6B448BBE}.Release|x64.ActiveCfg = Release|x64
		{1FA9BB6E-4724-42D4-90B3-D7DB6B448BBE}.Release|x64.Build.0 = Release|x64
		{4B101FD1-C4B3-4CDC-BDA0-30D0D5283386}.Debug|x64.ActiveCfg = Debug|x64
		{4B101FD1-C4B3-4CDC-BDA0-30D0D5283386}.Debug|x64.Build.0 = Debug|x64
		{4B101FD1-C4B3-4CDC-BDA0-30D0D5283386}.Release|x64.ActiveCfg = Release|x64
		{4B101FD1-C4B3-4CDC-BDA0-30D0D5283386}.Release|x64.Build.0 = Release|x64
		{6C22431B-2948-4E11-92A8-9D6A46FCA9A1}.Debug|x64.ActiveCfg = Debug|x64
		{6C22431B-2948-4E11-92A8-9D6A46FCA9A1}.Debug|x64.Build.0 = Debug|x64
		{6C22431B-2948-4E11-92A8-9D6A46FCA9A1}.Release|x64.ActiveCfg = Release|x64
		{6C22431B-2948-4E11-92A8-9D6A46FCA9A1}.Release|x64.Build.0 = Release|x64
		{1E11F8A3-1A26-4750-BF7B-82AFC3D6688D}.Debug|x64.ActiveCfg = Debug|x64
		{1E11F8A3-1A26-4750-BF7B-82AFC3D6688D}.Debug|x64.Build.0 = Debug|x64
		{1E11F8A3-1A26-4750-BF7B-82AFC3D6688D}.Release|x64.ActiveCfg = Release|x64
		{1E11F8A3-1A26-4750-BF7B-82AFC3D6688D}.Release|x64.Build.0 = Release|x64
		{65C3B451-EBA4-4FC8-9365-78C302669B80}.Debug|x64.ActiveCfg = Debug|x64
		{65C3B451-EBA4-4FC8-9365-78C302669B80}.Debug|x64.Build.0 = Debug|x64
		{65C3B451-EBA4-4FC8-9365-78C302669B80}.Release|x64.ActiveCfg = Release|x64
		{65C3B451-EBA4-4FC8-9365-78C302669B80}.Release|x64.Build.0 = Release|x64
		{7A97A4DA-5827-47AC-9790-B5016CF1197F}.Debug|x64.ActiveCfg = Debug|x64
		{7A97A4DA-5827-47AC-9790-B5016CF1197F}.Debug|x64.Build.0 = Debug|x64
		{7A97A4DA-5827-47AC-9790-B5016CF1197F}.Release|x64.ActiveCfg = Release|x64
		{7A97A4DA-5827-47AC-9790-B5016CF1197F}.Release|x64.Build.0 = Release|x64
		{E37ACBC4-F2EC-4E1D-BCC0-3C4880494784}.Debug|x64.ActiveCfg = Debug|x64
		{E37ACBC4-F2EC-4E1D-BCC0-3C4880494784}.Debug|x64.Build.0 = Debug|x64
		{E37ACBC4-F2EC-4E1D-BCC0-3C4880494784}.Release|x64.ActiveCfg = Release|x64
		{E37ACBC4-F2EC-4E1D-BCC0-3C4880494784}.Release|x64.Build.0 = Release|x64
		{C17641D5-CECC-4E28-8184-4E30807B2513}.Debug|x64.ActiveCfg = Debug|x64
		{C17641D5-CECC-4E28-8184-4E30807B2513}.Debug|x64.Build.0 = Debug|x64
		{C17641D5-CECC-4E28-8184-4E30807B2513}.Release|x64.ActiveCfg = Release|x64
		{C17641D5-CECC-4E28-8184-4E30807B2513}.Release|x64.Build.0 = Release|x64
		{5A28059C-F963-4A1D-B133-C9BEAF9A7DA8}.Debug|x64.ActiveCfg = Debug|x64
		{5A28059C-F963-4A1D-B133-C9BEAF9A7DA8}.Debug|x64.Build.0 = Debug|x64
		{5A28059C-F963-4A1D-B133-C9BEAF9A7DA8}.Release|x64.ActiveCfg = Release|x64
		{5A28059C-F963-4A1D-B133-C9BEAF9A7DA8}.Release|x64.Build.0 = Release|x64
		{71762098-2F43-4A60-BA05-88D5FAB77682}.Debug|x64.ActiveCfg = Debug|x64
		{71762098-2F43-4A60-BA05-88D5FAB77682}.Debug|x64.Build.0 = Debug|x64
		{71762098-2F43-4A60-BA05-88D5FAB77682}.Release|x64.ActiveCfg = Release|x64
		{71762098-2F43-4A60-BA05-88D5FAB77682}.Release|x64.Build.0 = Release|x64
		{8DE99C49-870F-491B-98A8-9E80EEF985CC}.Debug|x64.ActiveCfg = Debug|x64
		{8DE99C49-870F-491B-98A8-9E80EEF985CC}.Debug|x64.Build.0 = Debug|x64
		{8DE99C49-870F-491B-98A8-9E80EEF985CC}.Release|x64.ActiveCfg = Release|x64
		{8DE99C49-870F-491B-98A8-9E80EEF985CC}.Release|x64.Build.0 = Release|x64
		{53BADDA5-148F-41AD-AF1D-55F9033F149C}.Debug|x64.ActiveCfg = Debug|x64
		{53BADDA5-148F-41AD-AF1D-55F9033F149C}.Debug|x64.Build.0 = Debug|x64
		{53BADDA5-148F-41AD-AF1D-55F9033F149C}.Release|x64.ActiveCfg = Release|x64
		{53BADDA5-148F-41AD-AF1D-55F9033F149C}.Release|x64.Build.0 = Release|x64
		{8F246312-B9AC-43DB-9E7F-58D58FF8A91D}.Debug|x64.ActiveCfg = Debug|x64
		{8F246312-B9AC-43DB-9E7F-58D58FF8A91D}.Debug|x64.Build.0 = Debug|x64
		{8F246312-B9AC-43DB-9E7F-58D58FF8A91D}.Release|x64.ActiveCfg = Release|x64
		{8F246312-B9AC-43DB-9E7F-58D58FF8A91D}.Release|x64.Build.0 = Release|x64
	EndGlobalSection
	GlobalSection(SolutionProperties) = preSolution
		HideSolutionNode = FALSE
	EndGlobalSection
	GlobalSection(ExtensibilityGlobals) = postSolution
		SolutionGuid = {65300D27-518D-4B78-87DA-DAD087FBE5BE}
	EndGlobalSection
EndGlobal
